
Microsoft Visual Studio Solution File, Format Version 12.00
# Visual Studio 15
VisualStudioVersion = 15.0.28010.2046
MinimumVisualStudioVersion = 10.0.40219.1
Project("{9A19103F-16F7-4668-BE54-9A1E7A4F7556}") = "TestWebCore", "TestWebCore\TestWebCore.csproj", "{5CDE9706-8A3B-4078-BA59-A0B4CC93E695}"
EndProject
Project("{FAE04EC0-301F-11D3-BF4B-00C04F79EFBC}") = "WebTravelApplication", "WebTravelApplication\WebTravelApplication.csproj", "{8C7AF615-CAAB-4C16-AA03-DE13634E7315}"
EndProject
Global
	GlobalSection(SolutionConfigurationPlatforms) = preSolution
		Debug|Any CPU = Debug|Any CPU
		Release|Any CPU = Release|Any CPU
	EndGlobalSection
	GlobalSection(ProjectConfigurationPlatforms) = postSolution
		{5CDE9706-8A3B-4078-BA59-A0B4CC93E695}.Debug|Any CPU.ActiveCfg = Debug|Any CPU
		{5CDE9706-8A3B-4078-BA59-A0B4CC93E695}.Debug|Any CPU.Build.0 = Debug|Any CPU
		{5CDE9706-8A3B-4078-BA59-A0B4CC93E695}.Release|Any CPU.ActiveCfg = Release|Any CPU
		{5CDE9706-8A3B-4078-BA59-A0B4CC93E695}.Release|Any CPU.Build.0 = Release|Any CPU
		{8C7AF615-CAAB-4C16-AA03-DE13634E7315}.Debug|Any CPU.ActiveCfg = Debug|Any CPU
		{8C7AF615-CAAB-4C16-AA03-DE13634E7315}.Debug|Any CPU.Build.0 = Debug|Any CPU
		{8C7AF615-CAAB-4C16-AA03-DE13634E7315}.Release|Any CPU.ActiveCfg = Release|Any CPU
		{8C7AF615-CAAB-4C16-AA03-DE13634E7315}.Release|Any CPU.Build.0 = Release|Any CPU
	EndGlobalSection
	GlobalSection(SolutionProperties) = preSolution
		HideSolutionNode = FALSE
	EndGlobalSection
	GlobalSection(ExtensibilityGlobals) = postSolution
		SolutionGuid = {EA481D4A-329F-4579-B264-55724BAB1670}
	EndGlobalSection
EndGlobal
